PODS:
  - Flutter (1.0.0)
  - nkn_sdk_flutter (0.1.15):
    - Flutter

DEPENDENCIES:
  - Flutter (from `Flutter`)
  - nkn_sdk_flutter (from `.symlinks/plugins/nkn_sdk_flutter/ios`)

EXTERNAL SOURCES:
  Flutter:
    :path: Flutter
  nkn_sdk_flutter:
    :path: ".symlinks/plugins/nkn_sdk_flutter/ios"

SPEC CHECKSUMS:
  Flutter: f04841e97a9d0b0a8025694d0796dd46242b2854
  nkn_sdk_flutter: cb83324eb3ef17419f715707b59bee20a9adfd34

PODFILE CHECKSUM: 7368163408c647b7eb699d0d788ba6718e18fb8d

COCOAPODS: 1.12.1
