PODS:
  - Flutter (1.0.0)
  - nkn_sdk_flutter (0.0.1):
    - Flutter

DEPENDENCIES:
  - Flutter (from `Flutter`)
  - nkn_sdk_flutter (from `.symlinks/plugins/nkn_sdk_flutter/ios`)

EXTERNAL SOURCES:
  Flutter:
    :path: Flutter
  nkn_sdk_flutter:
    :path: ".symlinks/plugins/nkn_sdk_flutter/ios"

SPEC CHECKSUMS:
  Flutter: 0e3d915762c693b495b44d77113d4970485de6ec
  nkn_sdk_flutter: e9d57f6f9ab6a6a20286fa6f2d35c8ce4f3d2c38

PODFILE CHECKSUM: aafe91acc616949ddb318b77800a7f51bffa2a4c

COCOAPODS: 1.10.0
