PODS:
  - Flutter (1.0.0)
  - nkn_sdk_flutter (0.0.4):
    - Flutter

DEPENDENCIES:
  - Flutter (from `Flutter`)
  - nkn_sdk_flutter (from `.symlinks/plugins/nkn_sdk_flutter/ios`)

EXTERNAL SOURCES:
  Flutter:
    :path: Flutter
  nkn_sdk_flutter:
    :path: ".symlinks/plugins/nkn_sdk_flutter/ios"

SPEC CHECKSUMS:
  Flutter: 0e3d915762c693b495b44d77113d4970485de6ec
  nkn_sdk_flutter: 474f0ff5cf11795bd592708a1c707cc15e70e49a

PODFILE CHECKSUM: aafe91acc616949ddb318b77800a7f51bffa2a4c

COCOAPODS: 1.10.1
